
Microsoft Visual Studio Solution File, Format Version 12.00
# Visual Studio Version 17
VisualStudioVersion = 17.0.32112.339
MinimumVisualStudioVersion = 10.0.40219.1
Project("{FAE04EC0-301F-11D3-BF4B-00C04F79EFBC}") = "PreOOMKiller", "PreOOMKiller.csproj", "{67D53E91-A13F-4BE1-BCE4-925B00A62891}"
EndProject
Global
	GlobalSection(SolutionConfigurationPlatforms) = preSolution
		Debug|Any CPU = Debug|Any CPU
		Release|Any CPU = Release|Any CPU
	EndGlobalSection
	GlobalSection(ProjectConfigurationPlatforms) = postSolution
		{67D53E91-A13F-4BE1-BCE4-925B00A62891}.Debug|Any CPU.ActiveCfg = Debug|Any CPU
		{67D53E91-A13F-4BE1-BCE4-925B00A62891}.Debug|Any CPU.Build.0 = Debug|Any CPU
		{67D53E91-A13F-4BE1-BCE4-925B00A62891}.Release|Any CPU.ActiveCfg = Release|Any CPU
		{67D53E91-A13F-4BE1-BCE4-925B00A62891}.Release|Any CPU.Build.0 = Release|Any CPU
	EndGlobalSection
	GlobalSection(SolutionProperties) = preSolution
		HideSolutionNode = FALSE
	EndGlobalSection
	GlobalSection(ExtensibilityGlobals) = postSolution
		SolutionGuid = {67CCD13B-7A3B-425E-9B77-EE45ACC6BE40}
	EndGlobalSection
EndGlobal
